// !$*UTF8*$!
{
	archiveVersion = 1;
	classes = {
	};
	objectVersion = 56;
	objects = {

/* Begin PBXBuildFile section */
		109C57C32AEA5D2B00104783 /* AppetizersApp.swift in Sources */ = {isa = PBXBuildFile; fileRef = 109C57C22AEA5D2B00104783 /* AppetizersApp.swift */; };
		109C57C52AEA5D2B00104783 /* AppetizerTabView.swift in Sources */ = {isa = PBXBuildFile; fileRef = 109C57C42AEA5D2B00104783 /* AppetizerTabView.swift */; };
		109C57C72AEA5D2E00104783 /* Assets.xcassets in Resources */ = {isa = PBXBuildFile; fileRef = 109C57C62AEA5D2E00104783 /* Assets.xcassets */; };
		109C57CA2AEA5D2E00104783 /* Preview Assets.xcassets in Resources */ = {isa = PBXBuildFile; fileRef = 109C57C92AEA5D2E00104783 /* Preview Assets.xcassets */; };
		109C58072AEA8A0B00104783 /* AppetizerListView.swift in Sources */ = {isa = PBXBuildFile; fileRef = 109C58062AEA8A0B00104783 /* AppetizerListView.swift */; };
		109C58092AEA8A1B00104783 /* AccountView.swift in Sources */ = {isa = PBXBuildFile; fileRef = 109C58082AEA8A1B00104783 /* AccountView.swift */; };
		109C580B2AEA8A3E00104783 /* OrderView.swift in Sources */ = {isa = PBXBuildFile; fileRef = 109C580A2AEA8A3E00104783 /* OrderView.swift */; };
		109C580D2AEA9B9800104783 /* Appetizer.swift in Sources */ = {isa = PBXBuildFile; fileRef = 109C580C2AEA9B9800104783 /* Appetizer.swift */; };
		109C580F2AEAC2C000104783 /* AppatizerListCell.swift in Sources */ = {isa = PBXBuildFile; fileRef = 109C580E2AEAC2C000104783 /* AppatizerListCell.swift */; };
		109C58112AEAF05900104783 /* NetworkManager.swift in Sources */ = {isa = PBXBuildFile; fileRef = 109C58102AEAF05900104783 /* NetworkManager.swift */; };
		109C58132AEAF1D900104783 /* APError.swift in Sources */ = {isa = PBXBuildFile; fileRef = 109C58122AEAF1D900104783 /* APError.swift */; };
		109C58182AEB1EAE00104783 /* AppetizerDetailView.swift in Sources */ = {isa = PBXBuildFile; fileRef = 109C58172AEB1EAE00104783 /* AppetizerDetailView.swift */; };
/* End PBXBuildFile section */

/* Begin PBXFileReference section */
		109C57BF2AEA5D2B00104783 /* Appetizers.app */ = {isa = PBXFileReference; explicitFileType = wrapper.application; includeInIndex = 0; path = Appetizers.app; sourceTree = BUILT_PRODUCTS_DIR; };
		109C57C22AEA5D2B00104783 /* AppetizersApp.swift */ = {isa = PBXFileReference; lastKnownFileType = sourcecode.swift; path = AppetizersApp.swift; sourceTree = "<group>"; };
		109C57C42AEA5D2B00104783 /* AppetizerTabView.swift */ = {isa = PBXFileReference; lastKnownFileType = sourcecode.swift; path = AppetizerTabView.swift; sourceTree = "<group>"; };
		109C57C62AEA5D2E00104783 /* Assets.xcassets */ = {isa = PBXFileReference; lastKnownFileType = folder.assetcatalog; path = Assets.xcassets; sourceTree = "<group>"; };
		109C57C92AEA5D2E00104783 /* Preview Assets.xcassets */ = {isa = PBXFileReference; lastKnownFileType = folder.assetcatalog; path = "Preview Assets.xcassets"; sourceTree = "<group>"; };
		109C58062AEA8A0B00104783 /* AppetizerListView.swift */ = {isa = PBXFileReference; lastKnownFileType = sourcecode.swift; path = AppetizerListView.swift; sourceTree = "<group>"; };
		109C58082AEA8A1B00104783 /* AccountView.swift */ = {isa = PBXFileReference; lastKnownFileType = sourcecode.swift; path = AccountView.swift; sourceTree = "<group>"; };
		109C580A2AEA8A3E00104783 /* OrderView.swift */ = {isa = PBXFileReference; lastKnownFileType = sourcecode.swift; path = OrderView.swift; sourceTree = "<group>"; };
		109C580C2AEA9B9800104783 /* Appetizer.swift */ = {isa = PBXFileReference; lastKnownFileType = sourcecode.swift; path = Appetizer.swift; sourceTree = "<group>"; };
		109C580E2AEAC2C000104783 /* AppatizerListCell.swift */ = {isa = PBXFileReference; lastKnownFileType = sourcecode.swift; path = AppatizerListCell.swift; sourceTree = "<group>"; };
		109C58102AEAF05900104783 /* NetworkManager.swift */ = {isa = PBXFileReference; lastKnownFileType = sourcecode.swift; path = NetworkManager.swift; sourceTree = "<group>"; };
		109C58122AEAF1D900104783 /* APError.swift */ = {isa = PBXFileReference; lastKnownFileType = sourcecode.swift; path = APError.swift; sourceTree = "<group>"; };
		109C58172AEB1EAE00104783 /* AppetizerDetailView.swift */ = {isa = PBXFileReference; lastKnownFileType = sourcecode.swift; path = AppetizerDetailView.swift; sourceTree = "<group>"; };
/* End PBXFileReference section */

/* Begin PBXFrameworksBuildPhase section */
		109C57BC2AEA5D2B00104783 /* Frameworks */ = {
			isa = PBXFrameworksBuildPhase;
			buildActionMask = 2147483647;
			files = (
			);
			runOnlyForDeploymentPostprocessing = 0;
		};
/* End PBXFrameworksBuildPhase section */

/* Begin PBXGroup section */
		109C57B62AEA5D2B00104783 = {
			isa = PBXGroup;
			children = (
				109C57C12AEA5D2B00104783 /* Appetizers */,
				109C57C02AEA5D2B00104783 /* Products */,
			);
			sourceTree = "<group>";
		};
		109C57C02AEA5D2B00104783 /* Products */ = {
			isa = PBXGroup;
			children = (
				109C57BF2AEA5D2B00104783 /* Appetizers.app */,
			);
			name = Products;
			sourceTree = "<group>";
		};
		109C57C12AEA5D2B00104783 /* Appetizers */ = {
			isa = PBXGroup;
			children = (
				109C58152AEB1E1100104783 /* Screens */,
				109C57C22AEA5D2B00104783 /* AppetizersApp.swift */,
				109C581C2AEB1FC900104783 /* Components */,
				109C581B2AEB1F7900104783 /* Utilities */,
				109C58142AEB1DAB00104783 /* Model */,
				109C57C62AEA5D2E00104783 /* Assets.xcassets */,
				109C57C82AEA5D2E00104783 /* Preview Content */,
			);
			path = Appetizers;
			sourceTree = "<group>";
		};
		109C57C82AEA5D2E00104783 /* Preview Content */ = {
			isa = PBXGroup;
			children = (
				109C57C92AEA5D2E00104783 /* Preview Assets.xcassets */,
			);
			path = "Preview Content";
			sourceTree = "<group>";
		};
		109C58142AEB1DAB00104783 /* Model */ = {
			isa = PBXGroup;
			children = (
				109C580C2AEA9B9800104783 /* Appetizer.swift */,
			);
			path = Model;
			sourceTree = "<group>";
		};
		109C58152AEB1E1100104783 /* Screens */ = {
			isa = PBXGroup;
			children = (
				109C57C42AEA5D2B00104783 /* AppetizerTabView.swift */,
				109C581A2AEB1F0E00104783 /* OrderView */,
				109C58192AEB1EEE00104783 /* AccountView */,
				109C58162AEB1E6100104783 /* AppetizerListView */,
			);
			path = Screens;
			sourceTree = "<group>";
		};
		109C58162AEB1E6100104783 /* AppetizerListView */ = {
			isa = PBXGroup;
			children = (
				109C58062AEA8A0B00104783 /* AppetizerListView.swift */,
				109C58172AEB1EAE00104783 /* AppetizerDetailView.swift */,
			);
			path = AppetizerListView;
			sourceTree = "<group>";
		};
		109C58192AEB1EEE00104783 /* AccountView */ = {
			isa = PBXGroup;
			children = (
				109C58082AEA8A1B00104783 /* AccountView.swift */,
			);
			path = AccountView;
			sourceTree = "<group>";
		};
		109C581A2AEB1F0E00104783 /* OrderView */ = {
			isa = PBXGroup;
			children = (
				109C580A2AEA8A3E00104783 /* OrderView.swift */,
			);
			path = OrderView;
			sourceTree = "<group>";
		};
		109C581B2AEB1F7900104783 /* Utilities */ = {
			isa = PBXGroup;
			children = (
				109C58102AEAF05900104783 /* NetworkManager.swift */,
				109C58122AEAF1D900104783 /* APError.swift */,
			);
			path = Utilities;
			sourceTree = "<group>";
		};
		109C581C2AEB1FC900104783 /* Components */ = {
			isa = PBXGroup;
			children = (
				109C580E2AEAC2C000104783 /* AppatizerListCell.swift */,
			);
			path = Components;
			sourceTree = "<group>";
		};
/* End PBXGroup section */

/* Begin PBXNativeTarget section */
		109C57BE2AEA5D2B00104783 /* Appetizers */ = {
			isa = PBXNativeTarget;
			buildConfigurationList = 109C57CD2AEA5D2E00104783 /* Build configuration list for PBXNativeTarget "Appetizers" */;
			buildPhases = (
				109C57BB2AEA5D2B00104783 /* Sources */,
				109C57BC2AEA5D2B00104783 /* Frameworks */,
				109C57BD2AEA5D2B00104783 /* Resources */,
			);
			buildRules = (
			);
			dependencies = (
			);
			name = Appetizers;
			productName = Appetizers;
			productReference = 109C57BF2AEA5D2B00104783 /* Appetizers.app */;
			productType = "com.apple.product-type.application";
		};
/* End PBXNativeTarget section */

/* Begin PBXProject section */
		109C57B72AEA5D2B00104783 /* Project object */ = {
			isa = PBXProject;
			attributes = {
				BuildIndependentTargetsInParallel = 1;
				LastSwiftUpdateCheck = 1500;
				LastUpgradeCheck = 1500;
				TargetAttributes = {
					109C57BE2AEA5D2B00104783 = {
						CreatedOnToolsVersion = 15.0;
					};
				};
			};
			buildConfigurationList = 109C57BA2AEA5D2B00104783 /* Build configuration list for PBXProject "Appetizers" */;
			compatibilityVersion = "Xcode 14.0";
			developmentRegion = en;
			hasScannedForEncodings = 0;
			knownRegions = (
				en,
				Base,
			);
			mainGroup = 109C57B62AEA5D2B00104783;
			productRefGroup = 109C57C02AEA5D2B00104783 /* Products */;
			projectDirPath = "";
			projectRoot = "";
			targets = (
				109C57BE2AEA5D2B00104783 /* Appetizers */,
			);
		};
/* End PBXProject section */

/* Begin PBXResourcesBuildPhase section */
		109C57BD2AEA5D2B00104783 /* Resources */ = {
			isa = PBXResourcesBuildPhase;
			buildActionMask = 2147483647;
			files = (
				109C57CA2AEA5D2E00104783 /* Preview Assets.xcassets in Resources */,
				109C57C72AEA5D2E00104783 /* Assets.xcassets in Resources */,
			);
			runOnlyForDeploymentPostprocessing = 0;
		};
/* End PBXResourcesBuildPhase section */

/* Begin PBXSourcesBuildPhase section */
		109C57BB2AEA5D2B00104783 /* Sources */ = {
			isa = PBXSourcesBuildPhase;
			buildActionMask = 2147483647;
			files = (
				109C58182AEB1EAE00104783 /* AppetizerDetailView.swift in Sources */,
				109C580D2AEA9B9800104783 /* Appetizer.swift in Sources */,
				109C58132AEAF1D900104783 /* APError.swift in Sources */,
				109C58092AEA8A1B00104783 /* AccountView.swift in Sources */,
				109C57C52AEA5D2B00104783 /* AppetizerTabView.swift in Sources */,
				109C57C32AEA5D2B00104783 /* AppetizersApp.swift in Sources */,
				109C58112AEAF05900104783 /* NetworkManager.swift in Sources */,
				109C58072AEA8A0B00104783 /* AppetizerListView.swift in Sources */,
				109C580B2AEA8A3E00104783 /* OrderView.swift in Sources */,
				109C580F2AEAC2C000104783 /* AppatizerListCell.swift in Sources */,
			);
			runOnlyForDeploymentPostprocessing = 0;
		};
/* End PBXSourcesBuildPhase section */

/* Begin XCBuildConfiguration section */
		109C57CB2AEA5D2E00104783 /* Debug */ = {
			isa = XCBuildConfiguration;
			buildSettings = {
				ALWAYS_SEARCH_USER_PATHS = NO;
				ASSETCATALOG_COMPILER_GENERATE_SWIFT_ASSET_SYMBOL_EXTENSIONS = YES;
				CLANG_ANALYZER_NONNULL = YES;
				CLANG_ANALYZER_NUMBER_OBJECT_CONVERSION = YES_AGGRESSIVE;
				CLANG_CXX_LANGUAGE_STANDARD = "gnu++20";
				CLANG_ENABLE_MODULES = YES;
				CLANG_ENABLE_OBJC_ARC = YES;
				CLANG_ENABLE_OBJC_WEAK = YES;
				CLANG_WARN_BLOCK_CAPTURE_AUTORELEASING = YES;
				CLANG_WARN_BOOL_CONVERSION = YES;
				CLANG_WARN_COMMA = YES;
				CLANG_WARN_CONSTANT_CONVERSION = YES;
				CLANG_WARN_DEPRECATED_OBJC_IMPLEMENTATIONS = YES;
				CLANG_WARN_DIRECT_OBJC_ISA_USAGE = YES_ERROR;
				CLANG_WARN_DOCUMENTATION_COMMENTS = YES;
				CLANG_WARN_EMPTY_BODY = YES;
				CLANG_WARN_ENUM_CONVERSION = YES;
				CLANG_WARN_INFINITE_RECURSION = YES;
				CLANG_WARN_INT_CONVERSION = YES;
				CLANG_WARN_NON_LITERAL_NULL_CONVERSION = YES;
				CLANG_WARN_OBJC_IMPLICIT_RETAIN_SELF = YES;
				CLANG_WARN_OBJC_LITERAL_CONVERSION = YES;
				CLANG_WARN_OBJC_ROOT_CLASS = YES_ERROR;
				CLANG_WARN_QUOTED_INCLUDE_IN_FRAMEWORK_HEADER = YES;
				CLANG_WARN_RANGE_LOOP_ANALYSIS = YES;
				CLANG_WARN_STRICT_PROTOTYPES = YES;
				CLANG_WARN_SUSPICIOUS_MOVE = YES;
				CLANG_WARN_UNGUARDED_AVAILABILITY = YES_AGGRESSIVE;
				CLANG_WARN_UNREACHABLE_CODE = YES;
				CLANG_WARN__DUPLICATE_METHOD_MATCH = YES;
				COPY_PHASE_STRIP = NO;
				DEBUG_INFORMATION_FORMAT = dwarf;
				ENABLE_STRICT_OBJC_MSGSEND = YES;
				ENABLE_TESTABILITY = YES;
				ENABLE_USER_SCRIPT_SANDBOXING = YES;
				GCC_C_LANGUAGE_STANDARD = gnu17;
				GCC_DYNAMIC_NO_PIC = NO;
				GCC_NO_COMMON_BLOCKS = YES;
				GCC_OPTIMIZATION_LEVEL = 0;
				GCC_PREPROCESSOR_DEFINITIONS = (
					"DEBUG=1",
					"$(inherited)",
				);
				GCC_WARN_64_TO_32_BIT_CONVERSION = YES;
				GCC_WARN_ABOUT_RETURN_TYPE = YES_ERROR;
				GCC_WARN_UNDECLARED_SELECTOR = YES;
				GCC_WARN_UNINITIALIZED_AUTOS = YES_AGGRESSIVE;
				GCC_WARN_UNUSED_FUNCTION = YES;
				GCC_WARN_UNUSED_VARIABLE = YES;
				IPHONEOS_DEPLOYMENT_TARGET = 17.0;
				LOCALIZATION_PREFERS_STRING_CATALOGS = YES;
				MTL_ENABLE_DEBUG_INFO = INCLUDE_SOURCE;
				MTL_FAST_MATH = YES;
				ONLY_ACTIVE_ARCH = YES;
				SDKROOT = iphoneos;
				SWIFT_ACTIVE_COMPILATION_CONDITIONS = "DEBUG $(inherited)";
				SWIFT_OPTIMIZATION_LEVEL = "-Onone";
			};
			name = Debug;
		};
		109C57CC2AEA5D2E00104783 /* Release */ = {
			isa = XCBuildConfiguration;
			buildSettings = {
				ALWAYS_SEARCH_USER_PATHS = NO;
				ASSETCATALOG_COMPILER_GENERATE_SWIFT_ASSET_SYMBOL_EXTENSIONS = YES;
				CLANG_ANALYZER_NONNULL = YES;
				CLANG_ANALYZER_NUMBER_OBJECT_CONVERSION = YES_AGGRESSIVE;
				CLANG_CXX_LANGUAGE_STANDARD = "gnu++20";
				CLANG_ENABLE_MODULES = YES;
				CLANG_ENABLE_OBJC_ARC = YES;
				CLANG_ENABLE_OBJC_WEAK = YES;
				CLANG_WARN_BLOCK_CAPTURE_AUTORELEASING = YES;
				CLANG_WARN_BOOL_CONVERSION = YES;
				CLANG_WARN_COMMA = YES;
				CLANG_WARN_CONSTANT_CONVERSION = YES;
				CLANG_WARN_DEPRECATED_OBJC_IMPLEMENTATIONS = YES;
				CLANG_WARN_DIRECT_OBJC_ISA_USAGE = YES_ERROR;
				CLANG_WARN_DOCUMENTATION_COMMENTS = YES;
				CLANG_WARN_EMPTY_BODY = YES;
				CLANG_WARN_ENUM_CONVERSION = YES;
				CLANG_WARN_INFINITE_RECURSION = YES;
				CLANG_WARN_INT_CONVERSION = YES;
				CLANG_WARN_NON_LITERAL_NULL_CONVERSION = YES;
				CLANG_WARN_OBJC_IMPLICIT_RETAIN_SELF = YES;
				CLANG_WARN_OBJC_LITERAL_CONVERSION = YES;
				CLANG_WARN_OBJC_ROOT_CLASS = YES_ERROR;
				CLANG_WARN_QUOTED_INCLUDE_IN_FRAMEWORK_HEADER = YES;
				CLANG_WARN_RANGE_LOOP_ANALYSIS = YES;
				CLANG_WARN_STRICT_PROTOTYPES = YES;
				CLANG_WARN_SUSPICIOUS_MOVE = YES;
				CLANG_WARN_UNGUARDED_AVAILABILITY = YES_AGGRESSIVE;
				CLANG_WARN_UNREACHABLE_CODE = YES;
				CLANG_WARN__DUPLICATE_METHOD_MATCH = YES;
				COPY_PHASE_STRIP = NO;
				DEBUG_INFORMATION_FORMAT = "dwarf-with-dsym";
				ENABLE_NS_ASSERTIONS = NO;
				ENABLE_STRICT_OBJC_MSGSEND = YES;
				ENABLE_USER_SCRIPT_SANDBOXING = YES;
				GCC_C_LANGUAGE_STANDARD = gnu17;
				GCC_NO_COMMON_BLOCKS = YES;
				GCC_WARN_64_TO_32_BIT_CONVERSION = YES;
				GCC_WARN_ABOUT_RETURN_TYPE = YES_ERROR;
				GCC_WARN_UNDECLARED_SELECTOR = YES;
				GCC_WARN_UNINITIALIZED_AUTOS = YES_AGGRESSIVE;
				GCC_WARN_UNUSED_FUNCTION = YES;
				GCC_WARN_UNUSED_VARIABLE = YES;
				IPHONEOS_DEPLOYMENT_TARGET = 17.0;
				LOCALIZATION_PREFERS_STRING_CATALOGS = YES;
				MTL_ENABLE_DEBUG_INFO = NO;
				MTL_FAST_MATH = YES;
				SDKROOT = iphoneos;
				SWIFT_COMPILATION_MODE = wholemodule;
				VALIDATE_PRODUCT = YES;
			};
			name = Release;
		};
		109C57CE2AEA5D2E00104783 /* Debug */ = {
			isa = XCBuildConfiguration;
			buildSettings = {
				ASSETCATALOG_COMPILER_APPICON_NAME = AppIcon;
				ASSETCATALOG_COMPILER_GLOBAL_ACCENT_COLOR_NAME = AccentColor;
				CODE_SIGN_STYLE = Automatic;
				CURRENT_PROJECT_VERSION = 1;
				DEVELOPMENT_ASSET_PATHS = "\"Appetizers/Preview Content\"";
				DEVELOPMENT_TEAM = 746FUAXWXU;
				ENABLE_PREVIEWS = YES;
				GENERATE_INFOPLIST_FILE = YES;
				INFOPLIST_KEY_UIApplicationSceneManifest_Generation = YES;
				INFOPLIST_KEY_UIApplicationSupportsIndirectInputEvents = YES;
				INFOPLIST_KEY_UILaunchScreen_Generation = YES;
				INFOPLIST_KEY_UISupportedInterfaceOrientations_iPad = "UIInterfaceOrientationPortrait UIInterfaceOrientationPortraitUpsideDown UIInterfaceOrientationLandscapeLeft UIInterfaceOrientationLandscapeRight";
				INFOPLIST_KEY_UISupportedInterfaceOrientations_iPhone = "UIInterfaceOrientationPortrait UIInterfaceOrientationLandscapeLeft UIInterfaceOrientationLandscapeRight";
				LD_RUNPATH_SEARCH_PATHS = (
					"$(inherited)",
					"@executable_path/Frameworks",
				);
				MARKETING_VERSION = 1.0;
				PRODUCT_BUNDLE_IDENTIFIER = com.baouba.Appetizers;
				PRODUCT_NAME = "$(TARGET_NAME)";
				SWIFT_EMIT_LOC_STRINGS = YES;
				SWIFT_VERSION = 5.0;
				TARGETED_DEVICE_FAMILY = "1,2";
			};
			name = Debug;
		};
		109C57CF2AEA5D2E00104783 /* Release */ = {
			isa = XCBuildConfiguration;
			buildSettings = {
				ASSETCATALOG_COMPILER_APPICON_NAME = AppIcon;
				ASSETCATALOG_COMPILER_GLOBAL_ACCENT_COLOR_NAME = AccentColor;
				CODE_SIGN_STYLE = Automatic;
				CURRENT_PROJECT_VERSION = 1;
				DEVELOPMENT_ASSET_PATHS = "\"Appetizers/Preview Content\"";
				DEVELOPMENT_TEAM = 746FUAXWXU;
				ENABLE_PREVIEWS = YES;
				GENERATE_INFOPLIST_FILE = YES;
				INFOPLIST_KEY_UIApplicationSceneManifest_Generation = YES;
				INFOPLIST_KEY_UIApplicationSupportsIndirectInputEvents = YES;
				INFOPLIST_KEY_UILaunchScreen_Generation = YES;
				INFOPLIST_KEY_UISupportedInterfaceOrientations_iPad = "UIInterfaceOrientationPortrait UIInterfaceOrientationPortraitUpsideDown UIInterfaceOrientationLandscapeLeft UIInterfaceOrientationLandscapeRight";
				INFOPLIST_KEY_UISupportedInterfaceOrientations_iPhone = "UIInterfaceOrientationPortrait UIInterfaceOrientationLandscapeLeft UIInterfaceOrientationLandscapeRight";
				LD_RUNPATH_SEARCH_PATHS = (
					"$(inherited)",
					"@executable_path/Frameworks",
				);
				MARKETING_VERSION = 1.0;
				PRODUCT_BUNDLE_IDENTIFIER = com.baouba.Appetizers;
				PRODUCT_NAME = "$(TARGET_NAME)";
				SWIFT_EMIT_LOC_STRINGS = YES;
				SWIFT_VERSION = 5.0;
				TARGETED_DEVICE_FAMILY = "1,2";
			};
			name = Release;
		};
/* End XCBuildConfiguration section */

/* Begin XCConfigurationList section */
		109C57BA2AEA5D2B00104783 /* Build configuration list for PBXProject "Appetizers" */ = {
			isa = XCConfigurationList;
			buildConfigurations = (
				109C57CB2AEA5D2E00104783 /* Debug */,
				109C57CC2AEA5D2E00104783 /* Release */,
			);
			defaultConfigurationIsVisible = 0;
			defaultConfigurationName = Release;
		};
		109C57CD2AEA5D2E00104783 /* Build configuration list for PBXNativeTarget "Appetizers" */ = {
			isa = XCConfigurationList;
			buildConfigurations = (
				109C57CE2AEA5D2E00104783 /* Debug */,
				109C57CF2AEA5D2E00104783 /* Release */,
			);
			defaultConfigurationIsVisible = 0;
			defaultConfigurationName = Release;
		};
/* End XCConfigurationList section */
	};
	rootObject = 109C57B72AEA5D2B00104783 /* Project object */;
}
